
Microsoft Visual Studio Solution File, Format Version 12.00
# Visual Studio 15
VisualStudioVersion = 15.0.27703.2000
MinimumVisualStudioVersion = 10.0.40219.1
Project("{9A19103F-16F7-4668-BE54-9A1E7A4F7556}") = "Library.Entities", "Library.Entities\Library.Entities.csproj", "{A32FB56C-DE51-4B47-90AB-75F192B82651}"
EndProject
Project("{9A19103F-16F7-4668-BE54-9A1E7A4F7556}") = "Library.ViewModels", "Library.ViewModels\Library.ViewModels.csproj", "{96F49372-B277-4B13-9AE2-3CDEF6447B63}"
EndProject
Project("{9A19103F-16F7-4668-BE54-9A1E7A4F7556}") = "Library.WebUI", "Library.WebUI\Library.WebUI.csproj", "{5D8E5F2B-5594-4055-883B-41986D61DC42}"
	ProjectSection(ProjectDependencies) = postProject
		{478D200C-D183-4A47-9ABC-1B737B2FF23E} = {478D200C-D183-4A47-9ABC-1B737B2FF23E}
	EndProjectSection
EndProject
Project("{9A19103F-16F7-4668-BE54-9A1E7A4F7556}") = "Library.BusinessLogic", "Library.BusinessLogic\Library.BusinessLogic.csproj", "{478D200C-D183-4A47-9ABC-1B737B2FF23E}"
EndProject
Project("{9A19103F-16F7-4668-BE54-9A1E7A4F7556}") = "Library.DataAccess", "Library.DataAccess\Library.DataAccess.csproj", "{573A0083-2B81-452F-95F0-FA0BDBDADE4B}"
EndProject
Project("{FAE04EC0-301F-11D3-BF4B-00C04F79EFBC}") = "Library.ResponseModels", "Library.ResponseModels\Library.ResponseModels.csproj", "{029FE7E4-3DAC-49A9-9678-9F850734CD9C}"
EndProject
Global
	GlobalSection(SolutionConfigurationPlatforms) = preSolution
		Debug|Any CPU = Debug|Any CPU
		Release|Any CPU = Release|Any CPU
	EndGlobalSection
	GlobalSection(ProjectConfigurationPlatforms) = postSolution
		{A32FB56C-DE51-4B47-90AB-75F192B82651}.Debug|Any CPU.ActiveCfg = Debug|Any CPU
		{A32FB56C-DE51-4B47-90AB-75F192B82651}.Debug|Any CPU.Build.0 = Debug|Any CPU
		{A32FB56C-DE51-4B47-90AB-75F192B82651}.Release|Any CPU.ActiveCfg = Release|Any CPU
		{A32FB56C-DE51-4B47-90AB-75F192B82651}.Release|Any CPU.Build.0 = Release|Any CPU
		{96F49372-B277-4B13-9AE2-3CDEF6447B63}.Debug|Any CPU.ActiveCfg = Debug|Any CPU
		{96F49372-B277-4B13-9AE2-3CDEF6447B63}.Debug|Any CPU.Build.0 = Debug|Any CPU
		{96F49372-B277-4B13-9AE2-3CDEF6447B63}.Release|Any CPU.ActiveCfg = Release|Any CPU
		{96F49372-B277-4B13-9AE2-3CDEF6447B63}.Release|Any CPU.Build.0 = Release|Any CPU
		{5D8E5F2B-5594-4055-883B-41986D61DC42}.Debug|Any CPU.ActiveCfg = Debug|Any CPU
		{5D8E5F2B-5594-4055-883B-41986D61DC42}.Debug|Any CPU.Build.0 = Debug|Any CPU
		{5D8E5F2B-5594-4055-883B-41986D61DC42}.Release|Any CPU.ActiveCfg = Release|Any CPU
		{5D8E5F2B-5594-4055-883B-41986D61DC42}.Release|Any CPU.Build.0 = Release|Any CPU
		{478D200C-D183-4A47-9ABC-1B737B2FF23E}.Debug|Any CPU.ActiveCfg = Debug|Any CPU
		{478D200C-D183-4A47-9ABC-1B737B2FF23E}.Debug|Any CPU.Build.0 = Debug|Any CPU
		{478D200C-D183-4A47-9ABC-1B737B2FF23E}.Release|Any CPU.ActiveCfg = Release|Any CPU
		{478D200C-D183-4A47-9ABC-1B737B2FF23E}.Release|Any CPU.Build.0 = Release|Any CPU
		{573A0083-2B81-452F-95F0-FA0BDBDADE4B}.Debug|Any CPU.ActiveCfg = Debug|Any CPU
		{573A0083-2B81-452F-95F0-FA0BDBDADE4B}.Debug|Any CPU.Build.0 = Debug|Any CPU
		{573A0083-2B81-452F-95F0-FA0BDBDADE4B}.Release|Any CPU.ActiveCfg = Release|Any CPU
		{573A0083-2B81-452F-95F0-FA0BDBDADE4B}.Release|Any CPU.Build.0 = Release|Any CPU
		{029FE7E4-3DAC-49A9-9678-9F850734CD9C}.Debug|Any CPU.ActiveCfg = Debug|Any CPU
		{029FE7E4-3DAC-49A9-9678-9F850734CD9C}.Debug|Any CPU.Build.0 = Debug|Any CPU
		{029FE7E4-3DAC-49A9-9678-9F850734CD9C}.Release|Any CPU.ActiveCfg = Release|Any CPU
		{029FE7E4-3DAC-49A9-9678-9F850734CD9C}.Release|Any CPU.Build.0 = Release|Any CPU
	EndGlobalSection
	GlobalSection(SolutionProperties) = preSolution
		HideSolutionNode = FALSE
	EndGlobalSection
	GlobalSection(ExtensibilityGlobals) = postSolution
		SolutionGuid = {467C9644-E78F-48B6-A0B7-4C17ACD067DC}
	EndGlobalSection
EndGlobal
